
Microsoft Visual Studio Solution File, Format Version 12.00
# Visual Studio Version 17
VisualStudioVersion = 17.5.33530.505
MinimumVisualStudioVersion = 10.0.40219.1
Project("{FAE04EC0-301F-11D3-BF4B-00C04F79EFBC}") = "CompositePattern", "CompositePattern.csproj", "{5642F4EC-7910-4460-9B32-BDC866A3C944}"
EndProject
Global
	GlobalSection(SolutionConfigurationPlatforms) = preSolution
		Debug|Any CPU = Debug|Any CPU
		Release|Any CPU = Release|Any CPU
	EndGlobalSection
	GlobalSection(ProjectConfigurationPlatforms) = postSolution
		{5642F4EC-7910-4460-9B32-BDC866A3C944}.Debug|Any CPU.ActiveCfg = Debug|Any CPU
		{5642F4EC-7910-4460-9B32-BDC866A3C944}.Debug|Any CPU.Build.0 = Debug|Any CPU
		{5642F4EC-7910-4460-9B32-BDC866A3C944}.Release|Any CPU.ActiveCfg = Release|Any CPU
		{5642F4EC-7910-4460-9B32-BDC866A3C944}.Release|Any CPU.Build.0 = Release|Any CPU
	EndGlobalSection
	GlobalSection(SolutionProperties) = preSolution
		HideSolutionNode = FALSE
	EndGlobalSection
	GlobalSection(ExtensibilityGlobals) = postSolution
		SolutionGuid = {035D612A-2E80-42D0-84CD-31C984D6FA5F}
	EndGlobalSection
EndGlobal
